
Microsoft Visual Studio Solution File, Format Version 12.00
# Visual Studio 15
VisualStudioVersion = 15.0.27428.2002
MinimumVisualStudioVersion = 10.0.40219.1
Project("{FAE04EC0-301F-11D3-BF4B-00C04F79EFBC}") = "Tarea01.Android", "Tarea01\Tarea01.Android\Tarea01.Android.csproj", "{DB3B0987-1661-4A6B-96C3-ABDA374EB74F}"
EndProject
Project("{FAE04EC0-301F-11D3-BF4B-00C04F79EFBC}") = "Tarea01.iOS", "Tarea01\Tarea01.iOS\Tarea01.iOS.csproj", "{BD7D8F11-7285-47A4-AF7E-EC0129C22F3F}"
EndProject
Project("{FAE04EC0-301F-11D3-BF4B-00C04F79EFBC}") = "Tarea01.UWP", "Tarea01\Tarea01.UWP\Tarea01.UWP.csproj", "{C0DF45BD-D66D-4EA0-97F2-1CDCE77E904F}"
EndProject
Project("{D954291E-2A0B-460D-934E-DC6B0785DB48}") = "Tarea01", "Tarea01\Tarea01\Tarea01.shproj", "{54D1BBAE-ABD5-41E4-8125-BA0437F9A715}"
EndProject
Global
	GlobalSection(SharedMSBuildProjectFiles) = preSolution
		Tarea01\Tarea01\Tarea01.projitems*{54d1bbae-abd5-41e4-8125-ba0437f9a715}*SharedItemsImports = 13
		Tarea01\Tarea01\Tarea01.projitems*{bd7d8f11-7285-47a4-af7e-ec0129c22f3f}*SharedItemsImports = 4
		Tarea01\Tarea01\Tarea01.projitems*{c0df45bd-d66d-4ea0-97f2-1cdce77e904f}*SharedItemsImports = 4
		Tarea01\Tarea01\Tarea01.projitems*{db3b0987-1661-4a6b-96c3-abda374eb74f}*SharedItemsImports = 4
	EndGlobalSection
	GlobalSection(SolutionConfigurationPlatforms) = preSolution
		Ad-Hoc|Any CPU = Ad-Hoc|Any CPU
		Ad-Hoc|ARM = Ad-Hoc|ARM
		Ad-Hoc|iPhone = Ad-Hoc|iPhone
		Ad-Hoc|iPhoneSimulator = Ad-Hoc|iPhoneSimulator
		Ad-Hoc|x64 = Ad-Hoc|x64
		Ad-Hoc|x86 = Ad-Hoc|x86
		AppStore|Any CPU = AppStore|Any CPU
		AppStore|ARM = AppStore|ARM
		AppStore|iPhone = AppStore|iPhone
		AppStore|iPhoneSimulator = AppStore|iPhoneSimulator
		AppStore|x64 = AppStore|x64
		AppStore|x86 = AppStore|x86
		Debug|Any CPU = Debug|Any CPU
		Debug|ARM = Debug|ARM
		Debug|iPhone = Debug|iPhone
		Debug|iPhoneSimulator = Debug|iPhoneSimulator
		Debug|x64 = Debug|x64
		Debug|x86 = Debug|x86
		Release|Any CPU = Release|Any CPU
		Release|ARM = Release|ARM
		Release|iPhone = Release|iPhone
		Release|iPhoneSimulator = Release|iPhoneSimulator
		Release|x64 = Release|x64
		Release|x86 = Release|x86
	EndGlobalSection
	GlobalSection(ProjectConfigurationPlatforms) = postSolution
		{DB3B0987-1661-4A6B-96C3-ABDA374EB74F}.Ad-Hoc|Any CPU.ActiveCfg = Release|Any CPU
		{DB3B0987-1661-4A6B-96C3-ABDA374EB74F}.Ad-Hoc|Any CPU.Build.0 = Release|Any CPU
		{DB3B0987-1661-4A6B-96C3-ABDA374EB74F}.Ad-Hoc|Any CPU.Deploy.0 = Release|Any CPU
		{DB3B0987-1661-4A6B-96C3-ABDA374EB74F}.Ad-Hoc|ARM.ActiveCfg = Release|Any CPU
		{DB3B0987-1661-4A6B-96C3-ABDA374EB74F}.Ad-Hoc|ARM.Build.0 = Release|Any CPU
		{DB3B0987-1661-4A6B-96C3-ABDA374EB74F}.Ad-Hoc|ARM.Deploy.0 = Release|Any CPU
		{DB3B0987-1661-4A6B-96C3-ABDA374EB74F}.Ad-Hoc|iPhone.ActiveCfg = Release|Any CPU
		{DB3B0987-1661-4A6B-96C3-ABDA374EB74F}.Ad-Hoc|iPhone.Build.0 = Release|Any CPU
		{DB3B0987-1661-4A6B-96C3-ABDA374EB74F}.Ad-Hoc|iPhone.Deploy.0 = Release|Any CPU
		{DB3B0987-1661-4A6B-96C3-ABDA374EB74F}.Ad-Hoc|iPhoneSimulator.ActiveCfg = Release|Any CPU
		{DB3B0987-1661-4A6B-96C3-ABDA374EB74F}.Ad-Hoc|iPhoneSimulator.Build.0 = Release|Any CPU
		{DB3B0987-1661-4A6B-96C3-ABDA374EB74F}.Ad-Hoc|iPhoneSimulator.Deploy.0 = Release|Any CPU
		{DB3B0987-1661-4A6B-96C3-ABDA374EB74F}.Ad-Hoc|x64.ActiveCfg = Release|Any CPU
		{DB3B0987-1661-4A6B-96C3-ABDA374EB74F}.Ad-Hoc|x64.Build.0 = Release|Any CPU
		{DB3B0987-1661-4A6B-96C3-ABDA374EB74F}.Ad-Hoc|x64.Deploy.0 = Release|Any CPU
		{DB3B0987-1661-4A6B-96C3-ABDA374EB74F}.Ad-Hoc|x86.ActiveCfg = Release|Any CPU
		{DB3B0987-1661-4A6B-96C3-ABDA374EB74F}.Ad-Hoc|x86.Build.0 = Release|Any CPU
		{DB3B0987-1661-4A6B-96C3-ABDA374EB74F}.Ad-Hoc|x86.Deploy.0 = Release|Any CPU
		{DB3B0987-1661-4A6B-96C3-ABDA374EB74F}.AppStore|Any CPU.ActiveCfg = Release|Any CPU
		{DB3B0987-1661-4A6B-96C3-ABDA374EB74F}.AppStore|Any CPU.Build.0 = Release|Any CPU
		{DB3B0987-1661-4A6B-96C3-ABDA374EB74F}.AppStore|Any CPU.Deploy.0 = Release|Any CPU
		{DB3B0987-1661-4A6B-96C3-ABDA374EB74F}.AppStore|ARM.ActiveCfg = Release|Any CPU
		{DB3B0987-1661-4A6B-96C3-ABDA374EB74F}.AppStore|ARM.Build.0 = Release|Any CPU
		{DB3B0987-1661-4A6B-96C3-ABDA374EB74F}.AppStore|ARM.Deploy.0 = Release|Any CPU
		{DB3B0987-1661-4A6B-96C3-ABDA374EB74F}.AppStore|iPhone.ActiveCfg = Release|Any CPU
		{DB3B0987-1661-4A6B-96C3-ABDA374EB74F}.AppStore|iPhone.Build.0 = Release|Any CPU
		{DB3B0987-1661-4A6B-96C3-ABDA374EB74F}.AppStore|iPhone.Deploy.0 = Release|Any CPU
		{DB3B0987-1661-4A6B-96C3-ABDA374EB74F}.AppStore|iPhoneSimulator.ActiveCfg = Release|Any CPU
		{DB3B0987-1661-4A6B-96C3-ABDA374EB74F}.AppStore|iPhoneSimulator.Build.0 = Release|Any CPU
		{DB3B0987-1661-4A6B-96C3-ABDA374EB74F}.AppStore|iPhoneSimulator.Deploy.0 = Release|Any CPU
		{DB3B0987-1661-4A6B-96C3-ABDA374EB74F}.AppStore|x64.ActiveCfg = Release|Any CPU
		{DB3B0987-1661-4A6B-96C3-ABDA374EB74F}.AppStore|x64.Build.0 = Release|Any CPU
		{DB3B0987-1661-4A6B-96C3-ABDA374EB74F}.AppStore|x64.Deploy.0 = Release|Any CPU
		{DB3B0987-1661-4A6B-96C3-ABDA374EB74F}.AppStore|x86.ActiveCfg = Release|Any CPU
		{DB3B0987-1661-4A6B-96C3-ABDA374EB74F}.AppStore|x86.Build.0 = Release|Any CPU
		{DB3B0987-1661-4A6B-96C3-ABDA374EB74F}.AppStore|x86.Deploy.0 = Release|Any CPU
		{DB3B0987-1661-4A6B-96C3-ABDA374EB74F}.Debug|Any CPU.ActiveCfg = Debug|Any CPU
		{DB3B0987-1661-4A6B-96C3-ABDA374EB74F}.Debug|Any CPU.Build.0 = Debug|Any CPU
		{DB3B0987-1661-4A6B-96C3-ABDA374EB74F}.Debug|Any CPU.Deploy.0 = Debug|Any CPU
		{DB3B0987-1661-4A6B-96C3-ABDA374EB74F}.Debug|ARM.ActiveCfg = Debug|Any CPU
		{DB3B0987-1661-4A6B-96C3-ABDA374EB74F}.Debug|ARM.Build.0 = Debug|Any CPU
		{DB3B0987-1661-4A6B-96C3-ABDA374EB74F}.Debug|ARM.Deploy.0 = Debug|Any CPU
		{DB3B0987-1661-4A6B-96C3-ABDA374EB74F}.Debug|iPhone.ActiveCfg = Debug|Any CPU
		{DB3B0987-1661-4A6B-96C3-ABDA374EB74F}.Debug|iPhone.Build.0 = Debug|Any CPU
		{DB3B0987-1661-4A6B-96C3-ABDA374EB74F}.Debug|iPhone.Deploy.0 = Debug|Any CPU
		{DB3B0987-1661-4A6B-96C3-ABDA374EB74F}.Debug|iPhoneSimulator.ActiveCfg = Debug|Any CPU
		{DB3B0987-1661-4A6B-96C3-ABDA374EB74F}.Debug|iPhoneSimulator.Build.0 = Debug|Any CPU
		{DB3B0987-1661-4A6B-96C3-ABDA374EB74F}.Debug|iPhoneSimulator.Deploy.0 = Debug|Any CPU
		{DB3B0987-1661-4A6B-96C3-ABDA374EB74F}.Debug|x64.ActiveCfg = Debug|Any CPU
		{DB3B0987-1661-4A6B-96C3-ABDA374EB74F}.Debug|x64.Build.0 = Debug|Any CPU
		{DB3B0987-1661-4A6B-96C3-ABDA374EB74F}.Debug|x64.Deploy.0 = Debug|Any CPU
		{DB3B0987-1661-4A6B-96C3-ABDA374EB74F}.Debug|x86.ActiveCfg = Debug|Any CPU
		{DB3B0987-1661-4A6B-96C3-ABDA374EB74F}.Debug|x86.Build.0 = Debug|Any CPU
		{DB3B0987-1661-4A6B-96C3-ABDA374EB74F}.Debug|x86.Deploy.0 = Debug|Any CPU
		{DB3B0987-1661-4A6B-96C3-ABDA374EB74F}.Release|Any CPU.ActiveCfg = Release|Any CPU
		{DB3B0987-1661-4A6B-96C3-ABDA374EB74F}.Release|Any CPU.Build.0 = Release|Any CPU
		{DB3B0987-1661-4A6B-96C3-ABDA374EB74F}.Release|Any CPU.Deploy.0 = Release|Any CPU
		{DB3B0987-1661-4A6B-96C3-ABDA374EB74F}.Release|ARM.ActiveCfg = Release|Any CPU
		{DB3B0987-1661-4A6B-96C3-ABDA374EB74F}.Release|ARM.Build.0 = Release|Any CPU
		{DB3B0987-1661-4A6B-96C3-ABDA374EB74F}.Release|ARM.Deploy.0 = Release|Any CPU
		{DB3B0987-1661-4A6B-96C3-ABDA374EB74F}.Release|iPhone.ActiveCfg = Release|Any CPU
		{DB3B0987-1661-4A6B-96C3-ABDA374EB74F}.Release|iPhone.Build.0 = Release|Any CPU
		{DB3B0987-1661-4A6B-96C3-ABDA374EB74F}.Release|iPhone.Deploy.0 = Release|Any CPU
		{DB3B0987-1661-4A6B-96C3-ABDA374EB74F}.Release|iPhoneSimulator.ActiveCfg = Release|Any CPU
		{DB3B0987-1661-4A6B-96C3-ABDA374EB74F}.Release|iPhoneSimulator.Build.0 = Release|Any CPU
		{DB3B0987-1661-4A6B-96C3-ABDA374EB74F}.Release|iPhoneSimulator.Deploy.0 = Release|Any CPU
		{DB3B0987-1661-4A6B-96C3-ABDA374EB74F}.Release|x64.ActiveCfg = Release|Any CPU
		{DB3B0987-1661-4A6B-96C3-ABDA374EB74F}.Release|x64.Build.0 = Release|Any CPU
		{DB3B0987-1661-4A6B-96C3-ABDA374EB74F}.Release|x64.Deploy.0 = Release|Any CPU
		{DB3B0987-1661-4A6B-96C3-ABDA374EB74F}.Release|x86.ActiveCfg = Release|Any CPU
		{DB3B0987-1661-4A6B-96C3-ABDA374EB74F}.Release|x86.Build.0 = Release|Any CPU
		{DB3B0987-1661-4A6B-96C3-ABDA374EB74F}.Release|x86.Deploy.0 = Release|Any CPU
		{BD7D8F11-7285-47A4-AF7E-EC0129C22F3F}.Ad-Hoc|Any CPU.ActiveCfg = Ad-Hoc|iPhone
		{BD7D8F11-7285-47A4-AF7E-EC0129C22F3F}.Ad-Hoc|ARM.ActiveCfg = Ad-Hoc|iPhone
		{BD7D8F11-7285-47A4-AF7E-EC0129C22F3F}.Ad-Hoc|iPhone.ActiveCfg = Ad-Hoc|iPhone
		{BD7D8F11-7285-47A4-AF7E-EC0129C22F3F}.Ad-Hoc|iPhone.Build.0 = Ad-Hoc|iPhone
		{BD7D8F11-7285-47A4-AF7E-EC0129C22F3F}.Ad-Hoc|iPhoneSimulator.ActiveCfg = Ad-Hoc|iPhoneSimulator
		{BD7D8F11-7285-47A4-AF7E-EC0129C22F3F}.Ad-Hoc|iPhoneSimulator.Build.0 = Ad-Hoc|iPhoneSimulator
		{BD7D8F11-7285-47A4-AF7E-EC0129C22F3F}.Ad-Hoc|x64.ActiveCfg = Ad-Hoc|iPhone
		{BD7D8F11-7285-47A4-AF7E-EC0129C22F3F}.Ad-Hoc|x86.ActiveCfg = Ad-Hoc|iPhone
		{BD7D8F11-7285-47A4-AF7E-EC0129C22F3F}.AppStore|Any CPU.ActiveCfg = AppStore|iPhone
		{BD7D8F11-7285-47A4-AF7E-EC0129C22F3F}.AppStore|ARM.ActiveCfg = AppStore|iPhone
		{BD7D8F11-7285-47A4-AF7E-EC0129C22F3F}.AppStore|iPhone.ActiveCfg = AppStore|iPhone
		{BD7D8F11-7285-47A4-AF7E-EC0129C22F3F}.AppStore|iPhone.Build.0 = AppStore|iPhone
		{BD7D8F11-7285-47A4-AF7E-EC0129C22F3F}.AppStore|iPhoneSimulator.ActiveCfg = AppStore|iPhoneSimulator
		{BD7D8F11-7285-47A4-AF7E-EC0129C22F3F}.AppStore|iPhoneSimulator.Build.0 = AppStore|iPhoneSimulator
		{BD7D8F11-7285-47A4-AF7E-EC0129C22F3F}.AppStore|x64.ActiveCfg = AppStore|iPhone
		{BD7D8F11-7285-47A4-AF7E-EC0129C22F3F}.AppStore|x86.ActiveCfg = AppStore|iPhone
		{BD7D8F11-7285-47A4-AF7E-EC0129C22F3F}.Debug|Any CPU.ActiveCfg = Debug|iPhone
		{BD7D8F11-7285-47A4-AF7E-EC0129C22F3F}.Debug|ARM.ActiveCfg = Debug|iPhone
		{BD7D8F11-7285-47A4-AF7E-EC0129C22F3F}.Debug|iPhone.ActiveCfg = Debug|iPhone
		{BD7D8F11-7285-47A4-AF7E-EC0129C22F3F}.Debug|iPhone.Build.0 = Debug|iPhone
		{BD7D8F11-7285-47A4-AF7E-EC0129C22F3F}.Debug|iPhoneSimulator.ActiveCfg = Debug|iPhoneSimulator
		{BD7D8F11-7285-47A4-AF7E-EC0129C22F3F}.Debug|iPhoneSimulator.Build.0 = Debug|iPhoneSimulator
		{BD7D8F11-7285-47A4-AF7E-EC0129C22F3F}.Debug|x64.ActiveCfg = Debug|iPhone
		{BD7D8F11-7285-47A4-AF7E-EC0129C22F3F}.Debug|x86.ActiveCfg = Debug|iPhone
		{BD7D8F11-7285-47A4-AF7E-EC0129C22F3F}.Release|Any CPU.ActiveCfg = Release|iPhone
		{BD7D8F11-7285-47A4-AF7E-EC0129C22F3F}.Release|ARM.ActiveCfg = Release|iPhone
		{BD7D8F11-7285-47A4-AF7E-EC0129C22F3F}.Release|iPhone.ActiveCfg = Release|iPhone
		{BD7D8F11-7285-47A4-AF7E-EC0129C22F3F}.Release|iPhone.Build.0 = Release|iPhone
		{BD7D8F11-7285-47A4-AF7E-EC0129C22F3F}.Release|iPhoneSimulator.ActiveCfg = Release|iPhoneSimulator
		{BD7D8F11-7285-47A4-AF7E-EC0129C22F3F}.Release|iPhoneSimulator.Build.0 = Release|iPhoneSimulator
		{BD7D8F11-7285-47A4-AF7E-EC0129C22F3F}.Release|x64.ActiveCfg = Release|iPhone
		{BD7D8F11-7285-47A4-AF7E-EC0129C22F3F}.Release|x86.ActiveCfg = Release|iPhone
		{C0DF45BD-D66D-4EA0-97F2-1CDCE77E904F}.Ad-Hoc|Any CPU.ActiveCfg = Release|x86
		{C0DF45BD-D66D-4EA0-97F2-1CDCE77E904F}.Ad-Hoc|Any CPU.Build.0 = Release|x86
		{C0DF45BD-D66D-4EA0-97F2-1CDCE77E904F}.Ad-Hoc|Any CPU.Deploy.0 = Release|x86
		{C0DF45BD-D66D-4EA0-97F2-1CDCE77E904F}.Ad-Hoc|ARM.ActiveCfg = Release|ARM
		{C0DF45BD-D66D-4EA0-97F2-1CDCE77E904F}.Ad-Hoc|ARM.Build.0 = Release|ARM
		{C0DF45BD-D66D-4EA0-97F2-1CDCE77E904F}.Ad-Hoc|ARM.Deploy.0 = Release|ARM
		{C0DF45BD-D66D-4EA0-97F2-1CDCE77E904F}.Ad-Hoc|iPhone.ActiveCfg = Release|x86
		{C0DF45BD-D66D-4EA0-97F2-1CDCE77E904F}.Ad-Hoc|iPhone.Build.0 = Release|x86
		{C0DF45BD-D66D-4EA0-97F2-1CDCE77E904F}.Ad-Hoc|iPhone.Deploy.0 = Release|x86
		{C0DF45BD-D66D-4EA0-97F2-1CDCE77E904F}.Ad-Hoc|iPhoneSimulator.ActiveCfg = Release|x86
		{C0DF45BD-D66D-4EA0-97F2-1CDCE77E904F}.Ad-Hoc|iPhoneSimulator.Build.0 = Release|x86
		{C0DF45BD-D66D-4EA0-97F2-1CDCE77E904F}.Ad-Hoc|iPhoneSimulator.Deploy.0 = Release|x86
		{C0DF45BD-D66D-4EA0-97F2-1CDCE77E904F}.Ad-Hoc|x64.ActiveCfg = Release|x64
		{C0DF45BD-D66D-4EA0-97F2-1CDCE77E904F}.Ad-Hoc|x64.Build.0 = Release|x64
		{C0DF45BD-D66D-4EA0-97F2-1CDCE77E904F}.Ad-Hoc|x64.Deploy.0 = Release|x64
		{C0DF45BD-D66D-4EA0-97F2-1CDCE77E904F}.Ad-Hoc|x86.ActiveCfg = Release|x86
		{C0DF45BD-D66D-4EA0-97F2-1CDCE77E904F}.Ad-Hoc|x86.Build.0 = Release|x86
		{C0DF45BD-D66D-4EA0-97F2-1CDCE77E904F}.Ad-Hoc|x86.Deploy.0 = Release|x86
		{C0DF45BD-D66D-4EA0-97F2-1CDCE77E904F}.AppStore|Any CPU.ActiveCfg = Release|x86
		{C0DF45BD-D66D-4EA0-97F2-1CDCE77E904F}.AppStore|Any CPU.Build.0 = Release|x86
		{C0DF45BD-D66D-4EA0-97F2-1CDCE77E904F}.AppStore|Any CPU.Deploy.0 = Release|x86
		{C0DF45BD-D66D-4EA0-97F2-1CDCE77E904F}.AppStore|ARM.ActiveCfg = Release|ARM
		{C0DF45BD-D66D-4EA0-97F2-1CDCE77E904F}.AppStore|ARM.Build.0 = Release|ARM
		{C0DF45BD-D66D-4EA0-97F2-1CDCE77E904F}.AppStore|ARM.Deploy.0 = Release|ARM
		{C0DF45BD-D66D-4EA0-97F2-1CDCE77E904F}.AppStore|iPhone.ActiveCfg = Release|x86
		{C0DF45BD-D66D-4EA0-97F2-1CDCE77E904F}.AppStore|iPhone.Build.0 = Release|x86
		{C0DF45BD-D66D-4EA0-97F2-1CDCE77E904F}.AppStore|iPhone.Deploy.0 = Release|x86
		{C0DF45BD-D66D-4EA0-97F2-1CDCE77E904F}.AppStore|iPhoneSimulator.ActiveCfg = Release|x86
		{C0DF45BD-D66D-4EA0-97F2-1CDCE77E904F}.AppStore|iPhoneSimulator.Build.0 = Release|x86
		{C0DF45BD-D66D-4EA0-97F2-1CDCE77E904F}.AppStore|iPhoneSimulator.Deploy.0 = Release|x86
		{C0DF45BD-D66D-4EA0-97F2-1CDCE77E904F}.AppStore|x64.ActiveCfg = Release|x64
		{C0DF45BD-D66D-4EA0-97F2-1CDCE77E904F}.AppStore|x64.Build.0 = Release|x64
		{C0DF45BD-D66D-4EA0-97F2-1CDCE77E904F}.AppStore|x64.Deploy.0 = Release|x64
		{C0DF45BD-D66D-4EA0-97F2-1CDCE77E904F}.AppStore|x86.ActiveCfg = Release|x86
		{C0DF45BD-D66D-4EA0-97F2-1CDCE77E904F}.AppStore|x86.Build.0 = Release|x86
		{C0DF45BD-D66D-4EA0-97F2-1CDCE77E904F}.AppStore|x86.Deploy.0 = Release|x86
		{C0DF45BD-D66D-4EA0-97F2-1CDCE77E904F}.Debug|Any CPU.ActiveCfg = Debug|x86
		{C0DF45BD-D66D-4EA0-97F2-1CDCE77E904F}.Debug|ARM.ActiveCfg = Debug|ARM
		{C0DF45BD-D66D-4EA0-97F2-1CDCE77E904F}.Debug|ARM.Build.0 = Debug|ARM
		{C0DF45BD-D66D-4EA0-97F2-1CDCE77E904F}.Debug|ARM.Deploy.0 = Debug|ARM
		{C0DF45BD-D66D-4EA0-97F2-1CDCE77E904F}.Debug|iPhone.ActiveCfg = Debug|x86
		{C0DF45BD-D66D-4EA0-97F2-1CDCE77E904F}.Debug|iPhoneSimulator.ActiveCfg = Debug|x86
		{C0DF45BD-D66D-4EA0-97F2-1CDCE77E904F}.Debug|x64.ActiveCfg = Debug|x64
		{C0DF45BD-D66D-4EA0-97F2-1CDCE77E904F}.Debug|x64.Build.0 = Debug|x64
		{C0DF45BD-D66D-4EA0-97F2-1CDCE77E904F}.Debug|x64.Deploy.0 = Debug|x64
		{C0DF45BD-D66D-4EA0-97F2-1CDCE77E904F}.Debug|x86.ActiveCfg = Debug|x86
		{C0DF45BD-D66D-4EA0-97F2-1CDCE77E904F}.Debug|x86.Build.0 = Debug|x86
		{C0DF45BD-D66D-4EA0-97F2-1CDCE77E904F}.Debug|x86.Deploy.0 = Debug|x86
		{C0DF45BD-D66D-4EA0-97F2-1CDCE77E904F}.Release|Any CPU.ActiveCfg = Release|x86
		{C0DF45BD-D66D-4EA0-97F2-1CDCE77E904F}.Release|ARM.ActiveCfg = Release|ARM
		{C0DF45BD-D66D-4EA0-97F2-1CDCE77E904F}.Release|ARM.Build.0 = Release|ARM
		{C0DF45BD-D66D-4EA0-97F2-1CDCE77E904F}.Release|ARM.Deploy.0 = Release|ARM
		{C0DF45BD-D66D-4EA0-97F2-1CDCE77E904F}.Release|iPhone.ActiveCfg = Release|x86
		{C0DF45BD-D66D-4EA0-97F2-1CDCE77E904F}.Release|iPhoneSimulator.ActiveCfg = Release|x86
		{C0DF45BD-D66D-4EA0-97F2-1CDCE77E904F}.Release|x64.ActiveCfg = Release|x64
		{C0DF45BD-D66D-4EA0-97F2-1CDCE77E904F}.Release|x64.Build.0 = Release|x64
		{C0DF45BD-D66D-4EA0-97F2-1CDCE77E904F}.Release|x64.Deploy.0 = Release|x64
		{C0DF45BD-D66D-4EA0-97F2-1CDCE77E904F}.Release|x86.ActiveCfg = Release|x86
		{C0DF45BD-D66D-4EA0-97F2-1CDCE77E904F}.Release|x86.Build.0 = Release|x86
		{C0DF45BD-D66D-4EA0-97F2-1CDCE77E904F}.Release|x86.Deploy.0 = Release|x86
	EndGlobalSection
	GlobalSection(SolutionProperties) = preSolution
		HideSolutionNode = FALSE
	EndGlobalSection
	GlobalSection(ExtensibilityGlobals) = postSolution
		SolutionGuid = {4469F0E4-08B3-41E9-9504-0F65B6E7245F}
	EndGlobalSection
EndGlobal
